lockfileVersion: '9.0'

settings:
  autoInstallPeers: true
  excludeLinksFromLockfile: false

importers:

  .:
    dependencies:
      clsx:
        specifier: ^2.1.1
        version: 2.1.1
      framer-motion:
        specifier: ^12.9.2
        version: 12.18.1(react-dom@18.3.1(react@18.3.1))(react@18.3.1)
      leaflet:
        specifier: ^1.9.4
        version: 1.9.4
      react:
        specifier: ^18.3.1
        version: 18.3.1
      react-dom:
        specifier: ^18.3.1
        version: 18.3.1(react@18.3.1)
      react-dropzone:
        specifier: ^14.3.4
        version: 14.3.8(react@18.3.1)
      react-leaflet:
        specifier: ^4.2.1
        version: 4.2.1(leaflet@1.9.4)(react-dom@18.3.1(react@18.3.1))(react@18.3.1)
      react-router-dom:
        specifier: ^7.3.0
        version: 7.6.2(react-dom@18.3.1(react@18.3.1))(react@18.3.1)
      recharts:
        specifier: ^2.15.1
        version: 2.15.3(react-dom@18.3.1(react@18.3.1))(react@18.3.1)
      sonner:
        specifier: ^2.0.2
        version: 2.0.5(react-dom@18.3.1(react@18.3.1))(react@18.3.1)
      tailwind-merge:
        specifier: ^3.0.2
        version: 3.3.1
      three:
        specifier: ^0.162.0
        version: 0.162.0
      zod:
        specifier: ^3.24.2
        version: 3.25.67
    devDependencies:
      '@types.react':
        specifier: ^18.3.12
        version: 18.3.23
      '@types.react-dom':
        specifier: ^18.3.1
        version: 18.3.7(@types.react@18.3.23)
      '@vitejs/plugin-react':
        specifier: ^4.3.4
        version: 4.5.2(vite@6.3.6(jiti@1.21.7)(yaml@2.8.0))
      autoprefixer:
        specifier: ^10.4.21
        version: 10.4.21(postcss@8.5.6)
      cpy-cli:
        specifier: ^5.0.0
        version: 5.0.0
      postcss:
        specifier: ^8.5.3
        version: 8.5.6
      rimraf:
        specifier: ^6.0.1
        version: 6.0.1
      tailwindcss:
        specifier: ^3.4.17
        version: 3.4.17
      touch-cli:
        specifier: ^0.0.1
        version: 0.0.1
      typescript:
        specifier: ~5.7.2
        version: 5.7.3
      vite:
        specifier: ~6.3.6
        version: 6.3.6(jiti@1.21.7)(yaml@2.8.0)
      vite-tsconfig-paths:
        specifier: ^5.1.4
        version: 5.1.4(typescript@5.7.3)(vite@6.3.6(jiti@1.21.7)(yaml@2.8.0))

packages:

  '@alloc/quick-lru@5.2.0':
    resolution: {integrity: sha512-UrcABB+4bUrFABwbluTIBErXwvbsU/V7TZWfmbgJfbkwiBuziS9gxdODUyuiecfdGQ85jglMW6juS3+z5TsKLw==}
    engines: {node: '>=10'}

  '@ampproject/remapping@2.3.0':
    resolution: {integrity: sha512-30iZtAPgz+LTIYoeivqYo853f02jBYSd5uGnGpkFV0M3xOt9aN73erkgYAmZU43x4VfqcnLxW9Kpg3R5LC4YYw==}
    engines: {node: '>=6.0.0'}

  '@babel/code-frame@7.27.1':
    resolution: {integrity: sha512-cjQ7ZlQ0Mv3b47hABuTevyTuYN4i+loJKGeV9flcCgIK37cCXRh+L1bd3iBHlynerhQ7BhCkn2BPbQUL+rGqFg==}
    engines: {node: '>=6.9.0'}

  '@babel/compat-data@7.27.5':
    resolution: {integrity: sha512-KiRAp/VoJaWkkte84TvUd9qjdbZAdiqyvMxrGl1N6vzFogKmaLgoM3L1kgtLicp2HP5fBJS8JrZKLVIZGVJAVg==}
    engines: {node: '>=6.9.0'}

  '@babel/core@7.27.4':
    resolution: {integrity: sha512-bXYxrXFubeYdvB0NhD/NBB3Qi6aZeV20GOWVI47t2dkecCEoneR4NPVcb7abpXDEvejgrUfFtG6vG/zxAKmg+g==}
    engines: {node: '>=6.9.0'}

  '@babel/generator@7.27.5':
    resolution: {integrity: sha512-ZGhA37l0e/g2s1Cnzdix0O3aLYm66eF8aufiVteOgnwxgnRP8GoyMj7VWsgWnQbVKXyge7hqrFh2K2TQM6t1Hw==}
    engines: {node: '>=6.9.0'}

  '@babel/helper-compilation-targets@7.27.2':
    resolution: {integrity: sha512-2+1thGUUWWjLTYTHZWK1n8Yga0ijBz1XAhUXcKy81rd5g6yh7hGqMp45v7cadSbEHc9G3OTv45SyneRN3ps4DQ==}
    engines: {node: '>=6.9.0'}

  '@babel/helper-module-imports@7.27.1':
    resolution: {integrity: sha512-0gSFWUPNXNopqtIPQvlD5WgXYI5GY2kP2cCvoT8kczjbfcfuIljTbcWrulD1CIPIX2gt1wghbDy08yE1p+/r3w==}
    engines: {node: '>=6.9.0'}

  '@babel/helper-module-transforms@7.27.3':
    resolution: {integrity: sha512-dSOvYwvyLsWBeIRyOeHXp5vPj5l1I011r52FM1+r1jCERv+aFXYk4whgQccYEGYxK2H3ZAIA8nuPkQ0HaUo3qg==}
    engines: {node: '>=6.9.0'}
    peerDependencies:
      '@babel/core': ^7.0.0

  '@babel/helper-plugin-utils@7.27.1':
    resolution: {integrity: sha512-1gn1Up5YXka3YYAHGKpbideQ5Yjf1tDa9qYcgysz+cNCXukyLl6DjPXhD3VRwSb8c0J9tA4b2+rHEZtc6R0tlw==}
    engines: {node: '>=6.9.0'}

  '@babel/helper-string-parser@7.27.1':
    resolution: {integrity: sha512-qMlSxKbpRlAridDExk92nSobyDdpPijUq2DW6oDnUqd0iOGxmQjyqhMIihI9+zv4LPyZdRje2cavWPbCbWm3eA==}
    engines: {node: '>=6.9.0'}

  '@babel/helper-validator-identifier@7.27.1':
    resolution: {integrity: sha512-D2hP9eA+Sqx1kBZgzxZh0y1trbuU+JoDkiEwqhQ36nodYqJwyEIhPSdMNd7lOm/4io72luTPWH20Yda0xOuUow==}
    engines: {node: '>=6.9.0'}

  '@babel/helper-validator-option@7.27.1':
    resolution: {integrity: sha512-YvjJow9FxbhFFKDSuFnVCe2WxXk1zWc22fFePVNEaWJEu8IrZVlda6N0uHwzZrUM1il7NC9Mlp4MaJYbYd9JSg==}
    engines: {node: '>=6.9.0'}

  '@babel/helpers@7.27.6':
    resolution: {integrity: sha512-muE8Tt8M22638HU31A3CgfSUciwz1fhATfoVai05aPXGor//CdWDCbnlY1yvBPo07njuVOCNGCSp/GTt12lIug==}
    engines: {node: '>=6.9.0'}

  '@babel/parser@7.27.5':
    resolution: {integrity: sha512-OsQd175SxWkGlzbny8J3K8TnnDD0N3lrIUtB92xwyRpzaenGZhxDvxN/JgU00U3CDZNj9tPuDJ5H0WS4Nt3vKg==}
    engines: {node: '>=6.0.0'}
    hasBin: true

  '@babel/plugin-transform-react-jsx-self@7.27.1':
    resolution: {integrity: sha512-6UzkCs+ejGdZ5mFFC/OCUrv028ab2fp1znZmCZjAOBKiBK2jXD1O+BPSfX8X2qjJ75fZBMSnQn3Rq2mrBJK2mw==}
    engines: {node: '>=6.9.0'}
    peerDependencies:
      '@babel/core': ^7.0.0-0

  '@babel/plugin-transform-react-jsx-source@7.27.1':
    resolution: {integrity: sha512-zbwoTsBruTeKB9hSq73ha66iFeJHuaFkUbwvqElnygoNbj/jHRsSeokowZFN3CZ64IvEqcmmkVe89OPXc7ldAw==}
    engines: {node: '>=6.9.0'}
    peerDependencies:
      '@babel/core': ^7.0.0-0

  '@babel/runtime@7.27.6':
    resolution: {integrity: sha512-vbavdySgbTTrmFE+EsiqUTzlOr5bzlnJtUv9PynGCAKvfQqjIXbvFdumPM/GxMDfyuGMJaJAU6TO4zc1Jf1i8Q==}
    engines: {node: '>=6.9.0'}

  '@babel/template@7.27.2':
    resolution: {integrity: sha512-LPDZ85aEJyYSd18/DkjNh4/y1ntkE5KwUHWTiqgRxruuZL2F1yuHligVHLvcHY2vMHXttKFpJn6LwfI7cw7ODw==}
    engines: {node: '>=6.9.0'}

  '@babel/traverse@7.27.4':
    resolution: {integrity: sha512-oNcu2QbHqts9BtOWJosOVJapWjBDSxGCpFvikNR5TGDYDQf3JwpIoMzIKrvfoti93cLfPJEG4tH9SPVeyCGgdA==}
    engines: {node: '>=6.9.0'}

  '@babel/types@7.27.6':
    resolution: {integrity: sha512-ETyHEk2VHHvl9b9jZP5IHPavHYk57EhanlRRuae9XCpb/j5bDCbPPMOBfCWhnl/7EDJz0jEMCi/RhccCE8r1+Q==}
    engines: {node: '>=6.9.0'}

  '@esbuild/aix-ppc64@0.25.5':
    resolution: {integrity: sha512-9o3TMmpmftaCMepOdA5k/yDw8SfInyzWWTjYTFCX3kPSDJMROQTb8jg+h9Cnwnmm1vOzvxN7gIfB5V2ewpjtGA==}
    engines: {node: '>=18'}
    cpu: [ppc64]
    os: [aix]

  '@esbuild/android-arm64@0.25.5':
    resolution: {integrity: sha512-VGzGhj4lJO+TVGV1v8ntCZWJktV7SGCs3Pn1GRWI1SBFtRALoomm8k5E9Pmwg3HOAal2VDc2F9+PM/rEY6oIDg==}
    engines: {node: '>=18'}
    cpu: [arm64]
    os: [android]

  '@esbuild/android-arm@0.25.5':
    resolution: {integrity: sha512-AdJKSPeEHgi7/ZhuIPtcQKr5RQdo6OO2IL87JkianiMYMPbCtot9fxPbrMiBADOWWm3T2si9stAiVsGbTQFkbA==}
    engines: {node: '>=18'}
    cpu: [arm]
    os: [android]

  '@esbuild/android-x64@0.25.5':
    resolution: {integrity: sha512-D2GyJT1kjvO//drbRT3Hib9XPwQeWd9vZoBJn+bu/lVsOZ13cqNdDeqIF/xQ5/VmWvMduP6AmXvylO/PIc2isw==}
    engines: {node: '>=18'}
    cpu: [x64]
    os: [android]

  '@esbuild/darwin-arm64@0.25.5':
    resolution: {integrity: sha512-GtaBgammVvdF7aPIgH2jxMDdivezgFu6iKpmT+48+F8Hhg5J/sfnDieg0aeG/jfSvkYQU2/pceFPDKlqZzwnfQ==}
    engines: {node: '>=18'}
    cpu: [arm64]
    os: [darwin]

  '@esbuild/darwin-x64@0.25.5':
    resolution: {integrity: sha512-1iT4FVL0dJ76/q1wd7XDsRSW+oLoquptvh4CLR4kITDtqi2e/xwXwdCVH8hVHU43wgJdsq7Gxuzcs6Iq/7bxQ==}
    engines: {node: '>=18'}
    cpu: [x64]
    os: [darwin]...
